
Microsoft Visual Studio Solution File, Format Version 12.00
# Visual Studio Version 17
VisualStudioVersion = 17.5.002.0
MinimumVisualStudioVersion = 10.0.40219.1
Project("{9A19103F-16F7-4668-BE54-9A1E7A4F7556}") = "Ex54", "Ex54.csproj", "{CF12D67F-8005-4A9B-B501-6A81FBA2C337}"
EndProject
Global
	GlobalSection(SolutionConfigurationPlatforms) = preSolution
		Debug|Any CPU = Debug|Any CPU
		Release|Any CPU = Release|Any CPU
	EndGlobalSection
	GlobalSection(ProjectConfigurationPlatforms) = postSolution
		{CF12D67F-8005-4A9B-B501-6A81FBA2C337}.Debug|Any CPU.ActiveCfg = Debug|Any CPU
		{CF12D67F-8005-4A9B-B501-6A81FBA2C337}.Debug|Any CPU.Build.0 = Debug|Any CPU
		{CF12D67F-8005-4A9B-B501-6A81FBA2C337}.Release|Any CPU.ActiveCfg = Release|Any CPU
		{CF12D67F-8005-4A9B-B501-6A81FBA2C337}.Release|Any CPU.Build.0 = Release|Any CPU
	EndGlobalSection
	GlobalSection(SolutionProperties) = preSolution
		HideSolutionNode = FALSE
	EndGlobalSection
	GlobalSection(ExtensibilityGlobals) = postSolution
		SolutionGuid = {F16C67D7-E196-4215-A1E7-4FB5404B3D6B}
	EndGlobalSection
EndGlobal
